{
  "nodes": {
    "incremental": {
      "inputs": {
        "nixpkgs": [
          "nixpkgs"
        ]
      },
      "locked": {
        "lastModified": 1666371371,
        "narHash": "sha256-mj+KC4QX2etsIZPtt/zQoC6tbISZHvEK/8yKgRG5aaA=",
        "owner": "jumper149",
        "repo": "consuming-parser",
        "rev": "00025639a321776f99838bc633d95570c218e4b4",
        "type": "github"
      },
      "original": {
        "owner": "jumper149",
        "ref": "incremental",
        "repo": "consuming-parser",
        "type": "github"
      }
    },
    "nixpkgs": {
      "locked": {
        "lastModified": 1666333455,
        "narHash": "sha256-oHXIeLB/sPWxKNcSdV1DQi1ddNVoJ17T1yDiMMeygL4=",
        "owner": "NixOS",
        "repo": "nixpkgs",
        "rev": "93e0ac196106dce51878469c9a763c6233af5c57",
        "type": "github"
      },
      "original": {
        "owner": "NixOS",
        "ref": "nixpkgs-unstable",
        "repo": "nixpkgs",
        "type": "github"
      }
    },
    "root": {
      "inputs": {
        "incremental": "incremental",
        "nixpkgs": "nixpkgs"
      }
    }
  },
  "root": "root",
  "version": 7
}
